// !$*UTF8*$!
{
	archiveVersion = 1;
	classes = {
	};
	objectVersion = 48;
	objects = {

/* Begin PBXBuildFile section */
		485115BE231C78F200A40708 /* NewsDetailViewController.swift in Sources */ = {isa = PBXBuildFile; fileRef = 485115BD231C78F200A40708 /* NewsDetailViewController.swift */; };
		485115C0231C830100A40708 /* NewImgCollectionViewCell.swift in Sources */ = {isa = PBXBuildFile; fileRef = 485115BF231C830100A40708 /* NewImgCollectionViewCell.swift */; };
		486E0A192319D29D00ECDF7E /* ChoiceCollectionViewCell.swift in Sources */ = {isa = PBXBuildFile; fileRef = 486E0A182319D29D00ECDF7E /* ChoiceCollectionViewCell.swift */; };
		486E0A1B2319D87200ECDF7E /* Choice.swift in Sources */ = {isa = PBXBuildFile; fileRef = 486E0A1A2319D87200ECDF7E /* Choice.swift */; };
		48CB8DA8231AB91600862C3F /* TrendingView.swift in Sources */ = {isa = PBXBuildFile; fileRef = 48CB8DA7231AB91600862C3F /* TrendingView.swift */; };
		48CB8DAA231AC50E00862C3F /* TrendingCollectionViewCell.swift in Sources */ = {isa = PBXBuildFile; fileRef = 48CB8DA9231AC50E00862C3F /* TrendingCollectionViewCell.swift */; };
		48CB8DAC231ADB9600862C3F /* CategoryView.swift in Sources */ = {isa = PBXBuildFile; fileRef = 48CB8DAB231ADB9600862C3F /* CategoryView.swift */; };
		48CB8DAE231AE19F00862C3F /* CategoryCollectionViewCell.swift in Sources */ = {isa = PBXBuildFile; fileRef = 48CB8DAD231AE19F00862C3F /* CategoryCollectionViewCell.swift */; };
		48CB8DB0231AE4E400862C3F /* Category.swift in Sources */ = {isa = PBXBuildFile; fileRef = 48CB8DAF231AE4E400862C3F /* Category.swift */; };
		48CB8DB2231AECE700862C3F /* CategoryListView.swift in Sources */ = {isa = PBXBuildFile; fileRef = 48CB8DB1231AECE700862C3F /* CategoryListView.swift */; };
		48CB8DB4231AF23000862C3F /* CategoryListViewCollectionViewCell.swift in Sources */ = {isa = PBXBuildFile; fileRef = 48CB8DB3231AF23000862C3F /* CategoryListViewCollectionViewCell.swift */; };
		48CB8DB6231B0E1E00862C3F /* NewsCategory.swift in Sources */ = {isa = PBXBuildFile; fileRef = 48CB8DB5231B0E1E00862C3F /* NewsCategory.swift */; };
		48E697142319C718005522DC /* AppDelegate.swift in Sources */ = {isa = PBXBuildFile; fileRef = 48E697132319C718005522DC /* AppDelegate.swift */; };
		48E697162319C718005522DC /* HomeViewController.swift in Sources */ = {isa = PBXBuildFile; fileRef = 48E697152319C718005522DC /* HomeViewController.swift */; };
		48E6971C2319C718005522DC /* NewsApp.xcdatamodeld in Sources */ = {isa = PBXBuildFile; fileRef = 48E6971A2319C718005522DC /* NewsApp.xcdatamodeld */; };
		48E6971E2319C718005522DC /* Assets.xcassets in Resources */ = {isa = PBXBuildFile; fileRef = 48E6971D2319C718005522DC /* Assets.xcassets */; };
		48E697212319C718005522DC /* LaunchScreen.storyboard in Resources */ = {isa = PBXBuildFile; fileRef = 48E6971F2319C718005522DC /* LaunchScreen.storyboard */; };
		48E6972C2319C718005522DC /* NewsAppTests.swift in Sources */ = {isa = PBXBuildFile; fileRef = 48E6972B2319C718005522DC /* NewsAppTests.swift */; };
		48E697372319C718005522DC /* NewsAppUITests.swift in Sources */ = {isa = PBXBuildFile; fileRef = 48E697362319C718005522DC /* NewsAppUITests.swift */; };
/* End PBXBuildFile section */

/* Begin PBXContainerItemProxy section */
		48E697282319C718005522DC /* PBXContainerItemProxy */ = {
			isa = PBXContainerItemProxy;
			containerPortal = 48E697082319C718005522DC /* Project object */;
			proxyType = 1;
			remoteGlobalIDString = 48E6970F2319C718005522DC;
			remoteInfo = NewsApp;
		};
		48E697332319C718005522DC /* PBXContainerItemProxy */ = {
			isa = PBXContainerItemProxy;
			containerPortal = 48E697082319C718005522DC /* Project object */;
			proxyType = 1;
			remoteGlobalIDString = 48E6970F2319C718005522DC;
			remoteInfo = NewsApp;
		};
/* End PBXContainerItemProxy section */

/* Begin PBXFileReference section */
		485115BD231C78F200A40708 /* NewsDetailViewController.swift */ = {isa = PBXFileReference; lastKnownFileType = sourcecode.swift; path = NewsDetailViewController.swift; sourceTree = "<group>"; };
		485115BF231C830100A40708 /* NewImgCollectionViewCell.swift */ = {isa = PBXFileReference; lastKnownFileType = sourcecode.swift; path = NewImgCollectionViewCell.swift; sourceTree = "<group>"; };
		486E0A182319D29D00ECDF7E /* ChoiceCollectionViewCell.swift */ = {isa = PBXFileReference; lastKnownFileType = sourcecode.swift; path = ChoiceCollectionViewCell.swift; sourceTree = "<group>"; };
		486E0A1A2319D87200ECDF7E /* Choice.swift */ = {isa = PBXFileReference; lastKnownFileType = sourcecode.swift; path = Choice.swift; sourceTree = "<group>"; };
		48CB8DA7231AB91600862C3F /* TrendingView.swift */ = {isa = PBXFileReference; lastKnownFileType = sourcecode.swift; path = TrendingView.swift; sourceTree = "<group>"; };
		48CB8DA9231AC50E00862C3F /* TrendingCollectionViewCell.swift */ = {isa = PBXFileReference; lastKnownFileType = sourcecode.swift; path = TrendingCollectionViewCell.swift; sourceTree = "<group>"; };
		48CB8DAB231ADB9600862C3F /* CategoryView.swift */ = {isa = PBXFileReference; lastKnownFileType = sourcecode.swift; path = CategoryView.swift; sourceTree = "<group>"; };
		48CB8DAD231AE19F00862C3F /* CategoryCollectionViewCell.swift */ = {isa = PBXFileReference; lastKnownFileType = sourcecode.swift; path = CategoryCollectionViewCell.swift; sourceTree = "<group>"; };
		48CB8DAF231AE4E400862C3F /* Category.swift */ = {isa = PBXFileReference; lastKnownFileType = sourcecode.swift; path = Category.swift; sourceTree = "<group>"; };
		48CB8DB1231AECE700862C3F /* CategoryListView.swift */ = {isa = PBXFileReference; lastKnownFileType = sourcecode.swift; path = CategoryListView.swift; sourceTree = "<group>"; };
		48CB8DB3231AF23000862C3F /* CategoryListViewCollectionViewCell.swift */ = {isa = PBXFileReference; lastKnownFileType = sourcecode.swift; path = CategoryListViewCollectionViewCell.swift; sourceTree = "<group>"; };
		48CB8DB5231B0E1E00862C3F /* NewsCategory.swift */ = {isa = PBXFileReference; lastKnownFileType = sourcecode.swift; path = NewsCategory.swift; sourceTree = "<group>"; };
		48E697102319C718005522DC /* NewsApp.app */ = {isa = PBXFileReference; explicitFileType = wrapper.application; includeInIndex = 0; path = NewsApp.app; sourceTree = BUILT_PRODUCTS_DIR; };
		48E697132319C718005522DC /* AppDelegate.swift */ = {isa = PBXFileReference; lastKnownFileType = sourcecode.swift; path = AppDelegate.swift; sourceTree = "<group>"; };
		48E697152319C718005522DC /* HomeViewController.swift */ = {isa = PBXFileReference; lastKnownFileType = sourcecode.swift; path = HomeViewController.swift; sourceTree = "<group>"; };
		48E6971B2319C718005522DC /* NewsApp.xcdatamodel */ = {isa = PBXFileReference; lastKnownFileType = wrapper.xcdatamodel; path = NewsApp.xcdatamodel; sourceTree = "<group>"; };
		48E6971D2319C718005522DC /* Assets.xcassets */ = {isa = PBXFileReference; lastKnownFileType = folder.assetcatalog; path = Assets.xcassets; sourceTree = "<group>"; };
		48E697202319C718005522DC /* Base */ = {isa = PBXFileReference; lastKnownFileType = file.storyboard; name = Base; path = Base.lproj/LaunchScreen.storyboard; sourceTree = "<group>"; };
		48E697222319C718005522DC /* Info.plist */ = {isa = PBXFileReference; lastKnownFileType = text.plist.xml; path = Info.plist; sourceTree = "<group>"; };
		48E697272319C718005522DC /* NewsAppTests.xctest */ = {isa = PBXFileReference; explicitFileType = wrapper.cfbundle; includeInIndex = 0; path = NewsAppTests.xctest; sourceTree = BUILT_PRODUCTS_DIR; };
		48E6972B2319C718005522DC /* NewsAppTests.swift */ = {isa = PBXFileReference; lastKnownFileType = sourcecode.swift; path = NewsAppTests.swift; sourceTree = "<group>"; };
		48E6972D2319C718005522DC /* Info.plist */ = {isa = PBXFileReference; lastKnownFileType = text.plist.xml; path = Info.plist; sourceTree = "<group>"; };
		48E697322319C718005522DC /* NewsAppUITests.xctest */ = {isa = PBXFileReference; explicitFileType = wrapper.cfbundle; includeInIndex = 0; path = NewsAppUITests.xctest; sourceTree = BUILT_PRODUCTS_DIR; };
		48E697362319C718005522DC /* NewsAppUITests.swift */ = {isa = PBXFileReference; lastKnownFileType = sourcecode.swift; path = NewsAppUITests.swift; sourceTree = "<group>"; };
		48E697382319C718005522DC /* Info.plist */ = {isa = PBXFileReference; lastKnownFileType = text.plist.xml; path = Info.plist; sourceTree = "<group>"; };
/* End PBXFileReference section */

/* Begin PBXFrameworksBuildPhase section */
		48E6970D2319C718005522DC /* Frameworks */ = {
			isa = PBXFrameworksBuildPhase;
			buildActionMask = 2147483647;
			files = (
			);
			runOnlyForDeploymentPostprocessing = 0;
		};
		48E697242319C718005522DC /* Frameworks */ = {
			isa = PBXFrameworksBuildPhase;
			buildActionMask = 2147483647;
			files = (
			);
			runOnlyForDeploymentPostprocessing = 0;
		};
		48E6972F2319C718005522DC /* Frameworks */ = {
			isa = PBXFrameworksBuildPhase;
			buildActionMask = 2147483647;
			files = (
			);
			runOnlyForDeploymentPostprocessing = 0;
		};
/* End PBXFrameworksBuildPhase section */

/* Begin PBXGroup section */
		48E697072319C718005522DC = {
			isa = PBXGroup;
			children = (
				48E697122319C718005522DC /* NewsApp */,
				48E6972A2319C718005522DC /* NewsAppTests */,
				48E697352319C718005522DC /* NewsAppUITests */,
				48E697112319C718005522DC /* Products */,
			);
			sourceTree = "<group>";
		};
		48E697112319C718005522DC /* Products */ = {
			isa = PBXGroup;
			children = (
				48E697102319C718005522DC /* NewsApp.app */,
				48E697272319C718005522DC /* NewsAppTests.xctest */,
				48E697322319C718005522DC /* NewsAppUITests.xctest */,
			);
			name = Products;
			sourceTree = "<group>";
		};
		48E697122319C718005522DC /* NewsApp */ = {
			isa = PBXGroup;
			children = (
				48E697462319C8DA005522DC /* Model */,
				48E697452319C8D3005522DC /* View */,
				48E697442319C8C3005522DC /* Controller */,
				48E697132319C718005522DC /* AppDelegate.swift */,
				48E6971D2319C718005522DC /* Assets.xcassets */,
				48E6971F2319C718005522DC /* LaunchScreen.storyboard */,
				48E697222319C718005522DC /* Info.plist */,
				48E6971A2319C718005522DC /* NewsApp.xcdatamodeld */,
			);
			path = NewsApp;
			sourceTree = "<group>";
		};
		48E6972A2319C718005522DC /* NewsAppTests */ = {
			isa = PBXGroup;
			children = (
				48E6972B2319C718005522DC /* NewsAppTests.swift */,
				48E6972D2319C718005522DC /* Info.plist */,
			);
			path = NewsAppTests;
			sourceTree = "<group>";
		};
		48E697352319C718005522DC /* NewsAppUITests */ = {
			isa = PBXGroup;
			children = (
				48E697362319C718005522DC /* NewsAppUITests.swift */,
				48E697382319C718005522DC /* Info.plist */,
			);
			path = NewsAppUITests;
			sourceTree = "<group>";
		};
		48E697442319C8C3005522DC /* Controller */ = {
			isa = PBXGroup;
			children = (
				48E697152319C718005522DC /* HomeViewController.swift */,
				485115BD231C78F200A40708 /* NewsDetailViewController.swift */,
			);
			path = Controller;
			sourceTree = "<group>";
		};
		48E697452319C8D3005522DC /* View */ = {
			isa = PBXGroup;
			children = (
				486E0A182319D29D00ECDF7E /* ChoiceCollectionViewCell.swift */,
				48CB8DA7231AB91600862C3F /* TrendingView.swift */,
				48CB8DA9231AC50E00862C3F /* TrendingCollectionViewCell.swift */,
				48CB8DAB231ADB9600862C3F /* CategoryView.swift */,
				48CB8DAD231AE19F00862C3F /* CategoryCollectionViewCell.swift */,
				48CB8DB1231AECE700862C3F /* CategoryListView.swift */,
				48CB8DB3231AF23000862C3F /* CategoryListViewCollectionViewCell.swift */,
				485115BF231C830100A40708 /* NewImgCollectionViewCell.swift */,
			);
			path = View;
			sourceTree = "<group>";
		};
		48E697462319C8DA005522DC /* Model */ = {
			isa = PBXGroup;
			children = (
				486E0A1A2319D87200ECDF7E /* Choice.swift */,
				48CB8DAF231AE4E400862C3F /* Category.swift */,
				48CB8DB5231B0E1E00862C3F /* NewsCategory.swift */,
			);
			path = Model;
			sourceTree = "<group>";
		};
/* End PBXGroup section */

/* Begin PBXNativeTarget section */
		48E6970F2319C718005522DC /* NewsApp */ = {
			isa = PBXNativeTarget;
			buildConfigurationList = 48E6973B2319C718005522DC /* Build configuration list for PBXNativeTarget "NewsApp" */;
			buildPhases = (
				48E6970C2319C718005522DC /* Sources */,
				48E6970D2319C718005522DC /* Frameworks */,
				48E6970E2319C718005522DC /* Resources */,
			);
			buildRules = (
			);
			dependencies = (
			);
			name = NewsApp;
			productName = NewsApp;
			productReference = 48E697102319C718005522DC /* NewsApp.app */;
			productType = "com.apple.product-type.application";
		};
		48E697262319C718005522DC /* NewsAppTests */ = {
			isa = PBXNativeTarget;
			buildConfigurationList = 48E6973E2319C718005522DC /* Build configuration list for PBXNativeTarget "NewsAppTests" */;
			buildPhases = (
				48E697232319C718005522DC /* Sources */,
				48E697242319C718005522DC /* Frameworks */,
				48E697252319C718005522DC /* Resources */,
			);
			buildRules = (
			);
			dependencies = (
				48E697292319C718005522DC /* PBXTargetDependency */,
			);
			name = NewsAppTests;
			productName = NewsAppTests;
			productReference = 48E697272319C718005522DC /* NewsAppTests.xctest */;
			productType = "com.apple.product-type.bundle.unit-test";
		};
		48E697312319C718005522DC /* NewsAppUITests */ = {
			isa = PBXNativeTarget;
			buildConfigurationList = 48E697412319C718005522DC /* Build configuration list for PBXNativeTarget "NewsAppUITests" */;
			buildPhases = (
				48E6972E2319C718005522DC /* Sources */,
				48E6972F2319C718005522DC /* Frameworks */,
				48E697302319C718005522DC /* Resources */,
			);
			buildRules = (
			);
			dependencies = (
				48E697342319C718005522DC /* PBXTargetDependency */,
			);
			name = NewsAppUITests;
			productName = NewsAppUITests;
			productReference = 48E697322319C718005522DC /* NewsAppUITests.xctest */;
			productType = "com.apple.product-type.bundle.ui-testing";
		};
/* End PBXNativeTarget section */

/* Begin PBXProject section */
		48E697082319C718005522DC /* Project object */ = {
			isa = PBXProject;
			attributes = {
				LastSwiftUpdateCheck = 0920;
				LastUpgradeCheck = 0920;
				ORGANIZATIONNAME = "MACBOOK PRO RETINA";
				TargetAttributes = {
					48E6970F2319C718005522DC = {
						CreatedOnToolsVersion = 9.2;
						ProvisioningStyle = Automatic;
					};
					48E697262319C718005522DC = {
						CreatedOnToolsVersion = 9.2;
						ProvisioningStyle = Automatic;
						TestTargetID = 48E6970F2319C718005522DC;
					};
					48E697312319C718005522DC = {
						CreatedOnToolsVersion = 9.2;
						ProvisioningStyle = Automatic;
						TestTargetID = 48E6970F2319C718005522DC;
					};
				};
			};
			buildConfigurationList = 48E6970B2319C718005522DC /* Build configuration list for PBXProject "NewsApp" */;
			compatibilityVersion = "Xcode 8.0";
			developmentRegion = en;
			hasScannedForEncodings = 0;
			knownRegions = (
				en,
				Base,
			);
			mainGroup = 48E697072319C718005522DC;
			productRefGroup = 48E697112319C718005522DC /* Products */;
			projectDirPath = "";
			projectRoot = "";
			targets = (
				48E6970F2319C718005522DC /* NewsApp */,
				48E697262319C718005522DC /* NewsAppTests */,
				48E697312319C718005522DC /* NewsAppUITests */,
			);
		};
/* End PBXProject section */

/* Begin PBXResourcesBuildPhase section */
		48E6970E2319C718005522DC /* Resources */ = {
			isa = PBXResourcesBuildPhase;
			buildActionMask = 2147483647;
			files = (
				48E697212319C718005522DC /* LaunchScreen.storyboard in Resources */,
				48E6971E2319C718005522DC /* Assets.xcassets in Resources */,
			);
			runOnlyForDeploymentPostprocessing = 0;
		};
		48E697252319C718005522DC /* Resources */ = {
			isa = PBXResourcesBuildPhase;
			buildActionMask = 2147483647;
			files = (
			);
			runOnlyForDeploymentPostprocessing = 0;
		};
		48E697302319C718005522DC /* Resources */ = {
			isa = PBXResourcesBuildPhase;
			buildActionMask = 2147483647;
			files = (
			);
			runOnlyForDeploymentPostprocessing = 0;
		};
/* End PBXResourcesBuildPhase section */

/* Begin PBXSourcesBuildPhase section */
		48E6970C2319C718005522DC /* Sources */ = {
			isa = PBXSourcesBuildPhase;
			buildActionMask = 2147483647;
			files = (
				48E697162319C718005522DC /* HomeViewController.swift in Sources */,
				48CB8DB0231AE4E400862C3F /* Category.swift in Sources */,
				48CB8DB2231AECE700862C3F /* CategoryListView.swift in Sources */,
				48CB8DB4231AF23000862C3F /* CategoryListViewCollectionViewCell.swift in Sources */,
				48CB8DAA231AC50E00862C3F /* TrendingCollectionViewCell.swift in Sources */,
				486E0A1B2319D87200ECDF7E /* Choice.swift in Sources */,
				48E697142319C718005522DC /* AppDelegate.swift in Sources */,
				485115C0231C830100A40708 /* NewImgCollectionViewCell.swift in Sources */,
				48CB8DAE231AE19F00862C3F /* CategoryCollectionViewCell.swift in Sources */,
				48CB8DB6231B0E1E00862C3F /* NewsCategory.swift in Sources */,
				48CB8DA8231AB91600862C3F /* TrendingView.swift in Sources */,
				485115BE231C78F200A40708 /* NewsDetailViewController.swift in Sources */,
				48E6971C2319C718005522DC /* NewsApp.xcdatamodeld in Sources */,
				48CB8DAC231ADB9600862C3F /* CategoryView.swift in Sources */,
				486E0A192319D29D00ECDF7E /* ChoiceCollectionViewCell.swift in Sources */,
			);
			runOnlyForDeploymentPostprocessing = 0;
		};
		48E697232319C718005522DC /* Sources */ = {
			isa = PBXSourcesBuildPhase;
			buildActionMask = 2147483647;
			files = (
				48E6972C2319C718005522DC /* NewsAppTests.swift in Sources */,
			);
			runOnlyForDeploymentPostprocessing = 0;
		};
		48E6972E2319C718005522DC /* Sources */ = {
			isa = PBXSourcesBuildPhase;
			buildActionMask = 2147483647;
			files = (
				48E697372319C718005522DC /* NewsAppUITests.swift in Sources */,
			);
			runOnlyForDeploymentPostprocessing = 0;
		};
/* End PBXSourcesBuildPhase section */

/* Begin PBXTargetDependency section */
		48E697292319C718005522DC /* PBXTargetDependency */ = {
			isa = PBXTargetDependency;
			target = 48E6970F2319C718005522DC /* NewsApp */;
			targetProxy = 48E697282319C718005522DC /* PBXContainerItemProxy */;
		};
		48E697342319C718005522DC /* PBXTargetDependency */ = {
			isa = PBXTargetDependency;
			target = 48E6970F2319C718005522DC /* NewsApp */;
			targetProxy = 48E697332319C718005522DC /* PBXContainerItemProxy */;
		};
/* End PBXTargetDependency section */

/* Begin PBXVariantGroup section */
		48E6971F2319C718005522DC /* LaunchScreen.storyboard */ = {
			isa = PBXVariantGroup;
			children = (
				48E697202319C718005522DC /* Base */,
			);
			name = LaunchScreen.storyboard;
			sourceTree = "<group>";
		};
/* End PBXVariantGroup section */

/* Begin XCBuildConfiguration section */
		48E697392319C718005522DC /* Debug */ = {
			isa = XCBuildConfiguration;
			buildSettings = {
				ALWAYS_SEARCH_USER_PATHS = NO;
				CLANG_ANALYZER_NONNULL = YES;
				CLANG_ANALYZER_NUMBER_OBJECT_CONVERSION = YES_AGGRESSIVE;
				CLANG_CXX_LANGUAGE_STANDARD = "gnu++14";
				CLANG_CXX_LIBRARY = "libc++";
				CLANG_ENABLE_MODULES = YES;
				CLANG_ENABLE_OBJC_ARC = YES;
				CLANG_WARN_BLOCK_CAPTURE_AUTORELEASING = YES;
				CLANG_WARN_BOOL_CONVERSION = YES;
				CLANG_WARN_COMMA = YES;
				CLANG_WARN_CONSTANT_CONVERSION = YES;
				CLANG_WARN_DIRECT_OBJC_ISA_USAGE = YES_ERROR;
				CLANG_WARN_DOCUMENTATION_COMMENTS = YES;
				CLANG_WARN_EMPTY_BODY = YES;
				CLANG_WARN_ENUM_CONVERSION = YES;
				CLANG_WARN_INFINITE_RECURSION = YES;
				CLANG_WARN_INT_CONVERSION = YES;
				CLANG_WARN_NON_LITERAL_NULL_CONVERSION = YES;
				CLANG_WARN_OBJC_LITERAL_CONVERSION = YES;
				CLANG_WARN_OBJC_ROOT_CLASS = YES_ERROR;
				CLANG_WARN_RANGE_LOOP_ANALYSIS = YES;
				CLANG_WARN_STRICT_PROTOTYPES = YES;
				CLANG_WARN_SUSPICIOUS_MOVE = YES;
				CLANG_WARN_UNGUARDED_AVAILABILITY = YES_AGGRESSIVE;
				CLANG_WARN_UNREACHABLE_CODE = YES;
				CLANG_WARN__DUPLICATE_METHOD_MATCH = YES;
				CODE_SIGN_IDENTITY = "iPhone Developer";
				COPY_PHASE_STRIP = NO;
				DEBUG_INFORMATION_FORMAT = dwarf;
				ENABLE_STRICT_OBJC_MSGSEND = YES;
				ENABLE_TESTABILITY = YES;
				GCC_C_LANGUAGE_STANDARD = gnu11;
				GCC_DYNAMIC_NO_PIC = NO;
				GCC_NO_COMMON_BLOCKS = YES;
				GCC_OPTIMIZATION_LEVEL = 0;
				GCC_PREPROCESSOR_DEFINITIONS = (
					"DEBUG=1",
					"$(inherited)",
				);
				GCC_WARN_64_TO_32_BIT_CONVERSION = YES;
				GCC_WARN_ABOUT_RETURN_TYPE = YES_ERROR;
				GCC_WARN_UNDECLARED_SELECTOR = YES;
				GCC_WARN_UNINITIALIZED_AUTOS = YES_AGGRESSIVE;
				GCC_WARN_UNUSED_FUNCTION = YES;
				GCC_WARN_UNUSED_VARIABLE = YES;
				IPHONEOS_DEPLOYMENT_TARGET = 11.2;
				MTL_ENABLE_DEBUG_INFO = YES;
				ONLY_ACTIVE_ARCH = YES;
				SDKROOT = iphoneos;
				SWIFT_ACTIVE_COMPILATION_CONDITIONS = DEBUG;
				SWIFT_OPTIMIZATION_LEVEL = "-Onone";
			};
			name = Debug;
		};
		48E6973A2319C718005522DC /* Release */ = {
			isa = XCBuildConfiguration;
			buildSettings = {
				ALWAYS_SEARCH_USER_PATHS = NO;
				CLANG_ANALYZER_NONNULL = YES;
				CLANG_ANALYZER_NUMBER_OBJECT_CONVERSION = YES_AGGRESSIVE;
				CLANG_CXX_LANGUAGE_STANDARD = "gnu++14";
				CLANG_CXX_LIBRARY = "libc++";
				CLANG_ENABLE_MODULES = YES;
				CLANG_ENABLE_OBJC_ARC = YES;
				CLANG_WARN_BLOCK_CAPTURE_AUTORELEASING = YES;
				CLANG_WARN_BOOL_CONVERSION = YES;
				CLANG_WARN_COMMA = YES;
				CLANG_WARN_CONSTANT_CONVERSION = YES;
				CLANG_WARN_DIRECT_OBJC_ISA_USAGE = YES_ERROR;
				CLANG_WARN_DOCUMENTATION_COMMENTS = YES;
				CLANG_WARN_EMPTY_BODY = YES;
				CLANG_WARN_ENUM_CONVERSION = YES;
				CLANG_WARN_INFINITE_RECURSION = YES;
				CLANG_WARN_INT_CONVERSION = YES;
				CLANG_WARN_NON_LITERAL_NULL_CONVERSION = YES;
				CLANG_WARN_OBJC_LITERAL_CONVERSION = YES;
				CLANG_WARN_OBJC_ROOT_CLASS = YES_ERROR;
				CLANG_WARN_RANGE_LOOP_ANALYSIS = YES;
				CLANG_WARN_STRICT_PROTOTYPES = YES;
				CLANG_WARN_SUSPICIOUS_MOVE = YES;
				CLANG_WARN_UNGUARDED_AVAILABILITY = YES_AGGRESSIVE;
				CLANG_WARN_UNREACHABLE_CODE = YES;
				CLANG_WARN__DUPLICATE_METHOD_MATCH = YES;
				CODE_SIGN_IDENTITY = "iPhone Developer";
				COPY_PHASE_STRIP = NO;
				DEBUG_INFORMATION_FORMAT = "dwarf-with-dsym";
				ENABLE_NS_ASSERTIONS = NO;
				ENABLE_STRICT_OBJC_MSGSEND = YES;
				GCC_C_LANGUAGE_STANDARD = gnu11;
				GCC_NO_COMMON_BLOCKS = YES;
				GCC_WARN_64_TO_32_BIT_CONVERSION = YES;
				GCC_WARN_ABOUT_RETURN_TYPE = YES_ERROR;
				GCC_WARN_UNDECLARED_SELECTOR = YES;
				GCC_WARN_UNINITIALIZED_AUTOS = YES_AGGRESSIVE;
				GCC_WARN_UNUSED_FUNCTION = YES;
				GCC_WARN_UNUSED_VARIABLE = YES;
				IPHONEOS_DEPLOYMENT_TARGET = 11.2;
				MTL_ENABLE_DEBUG_INFO = NO;
				SDKROOT = iphoneos;
				SWIFT_OPTIMIZATION_LEVEL = "-Owholemodule";
				VALIDATE_PRODUCT = YES;
			};
			name = Release;
		};
		48E6973C2319C718005522DC /* Debug */ = {
			isa = XCBuildConfiguration;
			buildSettings = {
				ASSETCATALOG_COMPILER_APPICON_NAME = AppIcon;
				CODE_SIGN_STYLE = Automatic;
				DEVELOPMENT_TEAM = WG5JPDZ522;
				INFOPLIST_FILE = NewsApp/Info.plist;
				LD_RUNPATH_SEARCH_PATHS = "$(inherited) @executable_path/Frameworks";
				PRODUCT_BUNDLE_IDENTIFIER = test.NewsApp;
				PRODUCT_NAME = "$(TARGET_NAME)";
				SWIFT_VERSION = 4.0;
				TARGETED_DEVICE_FAMILY = "1,2";
			};
			name = Debug;
		};
		48E6973D2319C718005522DC /* Release */ = {
			isa = XCBuildConfiguration;
			buildSettings = {
				ASSETCATALOG_COMPILER_APPICON_NAME = AppIcon;
				CODE_SIGN_STYLE = Automatic;
				DEVELOPMENT_TEAM = WG5JPDZ522;
				INFOPLIST_FILE = NewsApp/Info.plist;
				LD_RUNPATH_SEARCH_PATHS = "$(inherited) @executable_path/Frameworks";
				PRODUCT_BUNDLE_IDENTIFIER = test.NewsApp;
				PRODUCT_NAME = "$(TARGET_NAME)";
				SWIFT_VERSION = 4.0;
				TARGETED_DEVICE_FAMILY = "1,2";
			};
			name = Release;
		};
		48E6973F2319C718005522DC /* Debug */ = {
			isa = XCBuildConfiguration;
			buildSettings = {
				ALWAYS_EMBED_SWIFT_STANDARD_LIBRARIES = YES;
				BUNDLE_LOADER = "$(TEST_HOST)";
				CODE_SIGN_STYLE = Automatic;
				DEVELOPMENT_TEAM = WG5JPDZ522;
				INFOPLIST_FILE = NewsAppTests/Info.plist;
				LD_RUNPATH_SEARCH_PATHS = "$(inherited) @executable_path/Frameworks @loader_path/Frameworks";
				PRODUCT_BUNDLE_IDENTIFIER = test.NewsAppTests;
				PRODUCT_NAME = "$(TARGET_NAME)";
				SWIFT_VERSION = 4.0;
				TARGETED_DEVICE_FAMILY = "1,2";
				TEST_HOST = "$(BUILT_PRODUCTS_DIR)/NewsApp.app/NewsApp";
			};
			name = Debug;
		};
		48E697402319C718005522DC /* Release */ = {
			isa = XCBuildConfiguration;
			buildSettings = {
				ALWAYS_EMBED_SWIFT_STANDARD_LIBRARIES = YES;
				BUNDLE_LOADER = "$(TEST_HOST)";
				CODE_SIGN_STYLE = Automatic;
				DEVELOPMENT_TEAM = WG5JPDZ522;
				INFOPLIST_FILE = NewsAppTests/Info.plist;
				LD_RUNPATH_SEARCH_PATHS = "$(inherited) @executable_path/Frameworks @loader_path/Frameworks";
				PRODUCT_BUNDLE_IDENTIFIER = test.NewsAppTests;
				PRODUCT_NAME = "$(TARGET_NAME)";
				SWIFT_VERSION = 4.0;
				TARGETED_DEVICE_FAMILY = "1,2";
				TEST_HOST = "$(BUILT_PRODUCTS_DIR)/NewsApp.app/NewsApp";
			};
			name = Release;
		};
		48E697422319C718005522DC /* Debug */ = {
			isa = XCBuildConfiguration;
			buildSettings = {
				ALWAYS_EMBED_SWIFT_STANDARD_LIBRARIES = YES;
				CODE_SIGN_STYLE = Automatic;
				DEVELOPMENT_TEAM = WG5JPDZ522;
				INFOPLIST_FILE = NewsAppUITests/Info.plist;
				LD_RUNPATH_SEARCH_PATHS = "$(inherited) @executable_path/Frameworks @loader_path/Frameworks";
				PRODUCT_BUNDLE_IDENTIFIER = test.NewsAppUITests;
				PRODUCT_NAME = "$(TARGET_NAME)";
				SWIFT_VERSION = 4.0;
				TARGETED_DEVICE_FAMILY = "1,2";
				TEST_TARGET_NAME = NewsApp;
			};
			name = Debug;
		};
		48E697432319C718005522DC /* Release */ = {
			isa = XCBuildConfiguration;
			buildSettings = {
				ALWAYS_EMBED_SWIFT_STANDARD_LIBRARIES = YES;
				CODE_SIGN_STYLE = Automatic;
				DEVELOPMENT_TEAM = WG5JPDZ522;
				INFOPLIST_FILE = NewsAppUITests/Info.plist;
				LD_RUNPATH_SEARCH_PATHS = "$(inherited) @executable_path/Frameworks @loader_path/Frameworks";
				PRODUCT_BUNDLE_IDENTIFIER = test.NewsAppUITests;
				PRODUCT_NAME = "$(TARGET_NAME)";
				SWIFT_VERSION = 4.0;
				TARGETED_DEVICE_FAMILY = "1,2";
				TEST_TARGET_NAME = NewsApp;
			};
			name = Release;
		};
/* End XCBuildConfiguration section */

/* Begin XCConfigurationList section */
		48E6970B2319C718005522DC /* Build configuration list for PBXProject "NewsApp" */ = {
			isa = XCConfigurationList;
			buildConfigurations = (
				48E697392319C718005522DC /* Debug */,
				48E6973A2319C718005522DC /* Release */,
			);
			defaultConfigurationIsVisible = 0;
			defaultConfigurationName = Release;
		};
		48E6973B2319C718005522DC /* Build configuration list for PBXNativeTarget "NewsApp" */ = {
			isa = XCConfigurationList;
			buildConfigurations = (
				48E6973C2319C718005522DC /* Debug */,
				48E6973D2319C718005522DC /* Release */,
			);
			defaultConfigurationIsVisible = 0;
			defaultConfigurationName = Release;
		};
		48E6973E2319C718005522DC /* Build configuration list for PBXNativeTarget "NewsAppTests" */ = {
			isa = XCConfigurationList;
			buildConfigurations = (
				48E6973F2319C718005522DC /* Debug */,
				48E697402319C718005522DC /* Release */,
			);
			defaultConfigurationIsVisible = 0;
			defaultConfigurationName = Release;
		};
		48E697412319C718005522DC /* Build configuration list for PBXNativeTarget "NewsAppUITests" */ = {
			isa = XCConfigurationList;
			buildConfigurations = (
				48E697422319C718005522DC /* Debug */,
				48E697432319C718005522DC /* Release */,
			);
			defaultConfigurationIsVisible = 0;
			defaultConfigurationName = Release;
		};
/* End XCConfigurationList section */

/* Begin XCVersionGroup section */
		48E6971A2319C718005522DC /* NewsApp.xcdatamodeld */ = {
			isa = XCVersionGroup;
			children = (
				48E6971B2319C718005522DC /* NewsApp.xcdatamodel */,
			);
			currentVersion = 48E6971B2319C718005522DC /* NewsApp.xcdatamodel */;
			path = NewsApp.xcdatamodeld;
			sourceTree = "<group>";
			versionGroupType = wrapper.xcdatamodel;
		};
/* End XCVersionGroup section */
	};
	rootObject = 48E697082319C718005522DC /* Project object */;
}
